
Microsoft Visual Studio Solution File, Format Version 12.00
# Visual Studio Version 17
VisualStudioVersion = 17.0.32014.148
MinimumVisualStudioVersion = 10.0.40219.1
Project("{9A19103F-16F7-4668-BE54-9A1E7A4F7556}") = "CollectionTracker.Core", "CollectionTracker.Core\CollectionTracker.Core.csproj", "{4FD65575-F824-4173-B9F7-1CBF29080842}"
EndProject
Project("{9A19103F-16F7-4668-BE54-9A1E7A4F7556}") = "CollectionTracker.DataManager", "CollectionTracker.DataManager\CollectionTracker.DataManager.csproj", "{E38364A1-D0D1-4053-921B-B620985F77AD}"
EndProject
Project("{FAE04EC0-301F-11D3-BF4B-00C04F79EFBC}") = "CollectionTracker.WebApp", "CollectionTracker.WebApp\CollectionTracker.WebApp.csproj", "{8F0864BB-6FB4-4DC3-8F54-450CE17CFA6A}"
EndProject
Global
	GlobalSection(SolutionConfigurationPlatforms) = preSolution
		Debug|Any CPU = Debug|Any CPU
		Release|Any CPU = Release|Any CPU
	EndGlobalSection
	GlobalSection(ProjectConfigurationPlatforms) = postSolution
		{4FD65575-F824-4173-B9F7-1CBF29080842}.Debug|Any CPU.ActiveCfg = Debug|Any CPU
		{4FD65575-F824-4173-B9F7-1CBF29080842}.Debug|Any CPU.Build.0 = Debug|Any CPU
		{4FD65575-F824-4173-B9F7-1CBF29080842}.Release|Any CPU.ActiveCfg = Release|Any CPU
		{4FD65575-F824-4173-B9F7-1CBF29080842}.Release|Any CPU.Build.0 = Release|Any CPU
		{E38364A1-D0D1-4053-921B-B620985F77AD}.Debug|Any CPU.ActiveCfg = Debug|Any CPU
		{E38364A1-D0D1-4053-921B-B620985F77AD}.Debug|Any CPU.Build.0 = Debug|Any CPU
		{E38364A1-D0D1-4053-921B-B620985F77AD}.Release|Any CPU.ActiveCfg = Release|Any CPU
		{E38364A1-D0D1-4053-921B-B620985F77AD}.Release|Any CPU.Build.0 = Release|Any CPU
		{8F0864BB-6FB4-4DC3-8F54-450CE17CFA6A}.Debug|Any CPU.ActiveCfg = Debug|Any CPU
		{8F0864BB-6FB4-4DC3-8F54-450CE17CFA6A}.Debug|Any CPU.Build.0 = Debug|Any CPU
		{8F0864BB-6FB4-4DC3-8F54-450CE17CFA6A}.Release|Any CPU.ActiveCfg = Release|Any CPU
		{8F0864BB-6FB4-4DC3-8F54-450CE17CFA6A}.Release|Any CPU.Build.0 = Release|Any CPU
	EndGlobalSection
	GlobalSection(SolutionProperties) = preSolution
		HideSolutionNode = FALSE
	EndGlobalSection
	GlobalSection(ExtensibilityGlobals) = postSolution
		SolutionGuid = {1656B2C2-3B53-43C6-B27E-8010A1EF693E}
	EndGlobalSection
EndGlobal
